
Microsoft Visual Studio Solution File, Format Version 12.00
# Visual Studio Version 17
VisualStudioVersion = 17.6.33829.357
MinimumVisualStudioVersion = 10.0.40219.1
Project("{9A19103F-16F7-4668-BE54-9A1E7A4F7556}") = "BaseProject", "BaseProject\BaseProject.csproj", "{6DF2666D-71CA-45F7-8D70-5B0BF2890EAB}"
EndProject
Project("{2150E333-8FDC-42A3-9474-1A3956D46DE8}") = "Solution Items", "Solution Items", "{EB824C5F-A067-4CE8-A4EF-B6371B56DCE7}"
	ProjectSection(SolutionItems) = preProject
		Notes.txt = Notes.txt
	EndProjectSection
EndProject
Project("{9A19103F-16F7-4668-BE54-9A1E7A4F7556}") = "WebApp.Strategy", "WebApp.Strategy\WebApp.Strategy.csproj", "{77AE86EC-CC74-4B3F-B3FD-54340DD567A6}"
EndProject
Global
	GlobalSection(SolutionConfigurationPlatforms) = preSolution
		Debug|Any CPU = Debug|Any CPU
		Release|Any CPU = Release|Any CPU
	EndGlobalSection
	GlobalSection(ProjectConfigurationPlatforms) = postSolution
		{6DF2666D-71CA-45F7-8D70-5B0BF2890EAB}.Debug|Any CPU.ActiveCfg = Debug|Any CPU
		{6DF2666D-71CA-45F7-8D70-5B0BF2890EAB}.Debug|Any CPU.Build.0 = Debug|Any CPU
		{6DF2666D-71CA-45F7-8D70-5B0BF2890EAB}.Release|Any CPU.ActiveCfg = Release|Any CPU
		{6DF2666D-71CA-45F7-8D70-5B0BF2890EAB}.Release|Any CPU.Build.0 = Release|Any CPU
		{77AE86EC-CC74-4B3F-B3FD-54340DD567A6}.Debug|Any CPU.ActiveCfg = Debug|Any CPU
		{77AE86EC-CC74-4B3F-B3FD-54340DD567A6}.Debug|Any CPU.Build.0 = Debug|Any CPU
		{77AE86EC-CC74-4B3F-B3FD-54340DD567A6}.Release|Any CPU.ActiveCfg = Release|Any CPU
		{77AE86EC-CC74-4B3F-B3FD-54340DD567A6}.Release|Any CPU.Build.0 = Release|Any CPU
	EndGlobalSection
	GlobalSection(SolutionProperties) = preSolution
		HideSolutionNode = FALSE
	EndGlobalSection
	GlobalSection(ExtensibilityGlobals) = postSolution
		SolutionGuid = {2844B02E-5C35-4823-9D72-F1AC19A784D9}
	EndGlobalSection
EndGlobal
